// !$*UTF8*$!
{
	archiveVersion = 1;
	classes = {
	};
	objectVersion = 52;
	objects = {

/* Begin PBXBuildFile section */
		0A1A24D51EA5EFA10051C13A /* H5Sb.swift in Sources */ = {isa = PBXBuildFile; fileRef = 0A1A24D41EA5EFA10051C13A /* H5Sb.swift */; };
		0A1A24F01EA65D620051C13A /* CSSSb.swift in Sources */ = {isa = PBXBuildFile; fileRef = 0A1A24EF1EA65D620051C13A /* CSSSb.swift */; };
		0A1A46311EA8C3F2008AA951 /* H5ToSwiftByFlexBoxPlugin.swift in Sources */ = {isa = PBXBuildFile; fileRef = 0A1A46301EA8C3F2008AA951 /* H5ToSwiftByFlexBoxPlugin.swift */; };
		0A1AF86D1EA7087900F83176 /* CSSLexer.swift in Sources */ = {isa = PBXBuildFile; fileRef = 0A1AF86C1EA7087900F83176 /* CSSLexer.swift */; };
		0A1AF86F1EA7088B00F83176 /* CSSAST.swift in Sources */ = {isa = PBXBuildFile; fileRef = 0A1AF86E1EA7088B00F83176 /* CSSAST.swift */; };
		0A1AF8711EA708BD00F83176 /* CSSParser.swift in Sources */ = {isa = PBXBuildFile; fileRef = 0A1AF8701EA708BD00F83176 /* CSSParser.swift */; };
		0A1B7BCA1EA4775700F284A6 /* H5Lexer.swift in Sources */ = {isa = PBXBuildFile; fileRef = 0A1B7BC91EA4775700F284A6 /* H5Lexer.swift */; };
		0A1B7BCC1EA4B24E00F284A6 /* H5AST.swift in Sources */ = {isa = PBXBuildFile; fileRef = 0A1B7BCB1EA4B24E00F284A6 /* H5AST.swift */; };
		0A1B7BCE1EA4B2B700F284A6 /* H5Parser.swift in Sources */ = {isa = PBXBuildFile; fileRef = 0A1B7BCD1EA4B2B700F284A6 /* H5Parser.swift */; };
		0A1BDE581E9FB4D2009A939E /* SMLangAST.swift in Sources */ = {isa = PBXBuildFile; fileRef = 0A1BDE571E9FB4D2009A939E /* SMLangAST.swift */; };
		0A1C4D0C1EA25DE800C40427 /* analyzeExtension.swift in Sources */ = {isa = PBXBuildFile; fileRef = 0A1C4D0B1EA25DE800C40427 /* analyzeExtension.swift */; };
		0A20FCE81E7376570070A48F /* main.swift in Sources */ = {isa = PBXBuildFile; fileRef = 0A20FCE71E7376570070A48F /* main.swift */; };
		0A20FE281E7378490070A48F /* ParsingEntire.swift in Sources */ = {isa = PBXBuildFile; fileRef = 0A20FE1B1E7378490070A48F /* ParsingEntire.swift */; };
		0A20FE291E7378490070A48F /* ParsingBase.swift in Sources */ = {isa = PBXBuildFile; fileRef = 0A20FE1C1E7378490070A48F /* ParsingBase.swift */; };
		0A20FE2A1E7378490070A48F /* ParsingMethod.swift in Sources */ = {isa = PBXBuildFile; fileRef = 0A20FE1D1E7378490070A48F /* ParsingMethod.swift */; };
		0A20FE2B1E7378490070A48F /* ParsingMethodContent.swift in Sources */ = {isa = PBXBuildFile; fileRef = 0A20FE1E1E7378490070A48F /* ParsingMethodContent.swift */; };
		0A20FE2C1E7378490070A48F /* ParsingMacro.swift in Sources */ = {isa = PBXBuildFile; fileRef = 0A20FE1F1E7378490070A48F /* ParsingMacro.swift */; };
		0A20FE2D1E7378490070A48F /* ParsingImport.swift in Sources */ = {isa = PBXBuildFile; fileRef = 0A20FE201E7378490070A48F /* ParsingImport.swift */; };
		0A20FE2E1E7378490070A48F /* ParsingProperty.swift in Sources */ = {isa = PBXBuildFile; fileRef = 0A20FE211E7378490070A48F /* ParsingProperty.swift */; };
		0A20FE2F1E7378490070A48F /* ParsingInterface.swift in Sources */ = {isa = PBXBuildFile; fileRef = 0A20FE221E7378490070A48F /* ParsingInterface.swift */; };
		0A20FE301E7378490070A48F /* ParsingImplementation.swift in Sources */ = {isa = PBXBuildFile; fileRef = 0A20FE231E7378490070A48F /* ParsingImplementation.swift */; };
		0A20FE311E7378490070A48F /* ParsingProtocol.swift in Sources */ = {isa = PBXBuildFile; fileRef = 0A20FE241E7378490070A48F /* ParsingProtocol.swift */; };
		0A20FE321E7378490070A48F /* ParsingObject.swift in Sources */ = {isa = PBXBuildFile; fileRef = 0A20FE251E7378490070A48F /* ParsingObject.swift */; };
		0A20FE331E7378490070A48F /* ParsingFirstRoundOneFile.swift in Sources */ = {isa = PBXBuildFile; fileRef = 0A20FE261E7378490070A48F /* ParsingFirstRoundOneFile.swift */; };
		0A20FE341E7378490070A48F /* ParsingSecondRoundOneFile.swift in Sources */ = {isa = PBXBuildFile; fileRef = 0A20FE271E7378490070A48F /* ParsingSecondRoundOneFile.swift */; };
		0A20FE381E73786E0070A48F /* UnUseMethodPlugin.swift in Sources */ = {isa = PBXBuildFile; fileRef = 0A20FE361E73786E0070A48F /* UnUseMethodPlugin.swift */; };
		0A20FE391E73786E0070A48F /* UnUseObjectPlugin.swift in Sources */ = {isa = PBXBuildFile; fileRef = 0A20FE371E73786E0070A48F /* UnUseObjectPlugin.swift */; };
		0A20FE3E1E7379410070A48F /* Sb.swift in Sources */ = {isa = PBXBuildFile; fileRef = 0A20FE3B1E7379410070A48F /* Sb.swift */; };
		0A20FE3F1E7379410070A48F /* File.swift in Sources */ = {isa = PBXBuildFile; fileRef = 0A20FE3C1E7379410070A48F /* File.swift */; };
		0A20FE401E7379410070A48F /* SeekFolderFiles.swift in Sources */ = {isa = PBXBuildFile; fileRef = 0A20FE3D1E7379410070A48F /* SeekFolderFiles.swift */; };
		0A20FE441E73796B0070A48F /* Console.swift in Sources */ = {isa = PBXBuildFile; fileRef = 0A20FE421E73796B0070A48F /* Console.swift */; };
		0A20FE451E73796B0070A48F /* Checker.swift in Sources */ = {isa = PBXBuildFile; fileRef = 0A20FE431E73796B0070A48F /* Checker.swift */; };
		0A21E54D1EA0C54400C1F53D /* SMLangParser.swift in Sources */ = {isa = PBXBuildFile; fileRef = 0A21E54C1EA0C54400C1F53D /* SMLangParser.swift */; };
		0A22FE0E1E9D01C4003B56B9 /* SMLangLexer.swift in Sources */ = {isa = PBXBuildFile; fileRef = 0A22FE0D1E9D01C4003B56B9 /* SMLangLexer.swift */; };
		0A2A39CE1EB870BD006AACB6 /* JSSb.swift in Sources */ = {isa = PBXBuildFile; fileRef = 0A2A39CD1EB870BD006AACB6 /* JSSb.swift */; };
		0A2A39D01EB871EE006AACB6 /* JSLexer.swift in Sources */ = {isa = PBXBuildFile; fileRef = 0A2A39CF1EB871EE006AACB6 /* JSLexer.swift */; };
		0A2A39D21EB871FB006AACB6 /* JSAST.swift in Sources */ = {isa = PBXBuildFile; fileRef = 0A2A39D11EB871FB006AACB6 /* JSAST.swift */; };
		0A2A39D41EB87209006AACB6 /* JSParser.swift in Sources */ = {isa = PBXBuildFile; fileRef = 0A2A39D31EB87209006AACB6 /* JSParser.swift */; };
		0A34916F1F26067D000DEBAC /* H5ToNativePlugin.swift in Sources */ = {isa = PBXBuildFile; fileRef = 0A34916E1F26067D000DEBAC /* H5ToNativePlugin.swift */; };
		D867E57A25763D2D0090C23C /* RxCocoa in Frameworks */ = {isa = PBXBuildFile; productRef = D867E57925763D2D0090C23C /* RxCocoa */; };
		D867E57C25763D2D0090C23C /* RxSwift in Frameworks */ = {isa = PBXBuildFile; productRef = D867E57B25763D2D0090C23C /* RxSwift */; };
/* End PBXBuildFile section */

/* Begin PBXCopyFilesBuildPhase section */
		0A20FCE21E7376570070A48F /* CopyFiles */ = {
			isa = PBXCopyFilesBuildPhase;
			buildActionMask = 2147483647;
			dstPath = /usr/share/man/man1/;
			dstSubfolderSpec = 0;
			files = (
			);
			runOnlyForDeploymentPostprocessing = 1;
		};
/* End PBXCopyFilesBuildPhase section */

/* Begin PBXFileReference section */
		0A1A24D41EA5EFA10051C13A /* H5Sb.swift */ = {isa = PBXFileReference; fileEncoding = 4; lastKnownFileType = sourcecode.swift; path = H5Sb.swift; sourceTree = "<group>"; };
		0A1A24EF1EA65D620051C13A /* CSSSb.swift */ = {isa = PBXFileReference; fileEncoding = 4; lastKnownFileType = sourcecode.swift; path = CSSSb.swift; sourceTree = "<group>"; };
		0A1A46301EA8C3F2008AA951 /* H5ToSwiftByFlexBoxPlugin.swift */ = {isa = PBXFileReference; fileEncoding = 4; lastKnownFileType = sourcecode.swift; path = H5ToSwiftByFlexBoxPlugin.swift; sourceTree = "<group>"; };
		0A1AF86C1EA7087900F83176 /* CSSLexer.swift */ = {isa = PBXFileReference; fileEncoding = 4; lastKnownFileType = sourcecode.swift; path = CSSLexer.swift; sourceTree = "<group>"; };
		0A1AF86E1EA7088B00F83176 /* CSSAST.swift */ = {isa = PBXFileReference; fileEncoding = 4; lastKnownFileType = sourcecode.swift; path = CSSAST.swift; sourceTree = "<group>"; };
		0A1AF8701EA708BD00F83176 /* CSSParser.swift */ = {isa = PBXFileReference; fileEncoding = 4; lastKnownFileType = sourcecode.swift; path = CSSParser.swift; sourceTree = "<group>"; };
		0A1B7BC91EA4775700F284A6 /* H5Lexer.swift */ = {isa = PBXFileReference; fileEncoding = 4; lastKnownFileType = sourcecode.swift; path = H5Lexer.swift; sourceTree = "<group>"; };
		0A1B7BCB1EA4B24E00F284A6 /* H5AST.swift */ = {isa = PBXFileReference; fileEncoding = 4; lastKnownFileType = sourcecode.swift; path = H5AST.swift; sourceTree = "<group>"; };
		0A1B7BCD1EA4B2B700F284A6 /* H5Parser.swift */ = {isa = PBXFileReference; fileEncoding = 4; lastKnownFileType = sourcecode.swift; path = H5Parser.swift; sourceTree = "<group>"; };
		0A1BDE571E9FB4D2009A939E /* SMLangAST.swift */ = {isa = PBXFileReference; fileEncoding = 4; lastKnownFileType = sourcecode.swift; path = SMLangAST.swift; sourceTree = "<group>"; };
		0A1C4D0B1EA25DE800C40427 /* analyzeExtension.swift */ = {isa = PBXFileReference; fileEncoding = 4; lastKnownFileType = sourcecode.swift; path = analyzeExtension.swift; sourceTree = "<group>"; };
		0A20FCE41E7376570070A48F /* smck */ = {isa = PBXFileReference; explicitFileType = "compiled.mach-o.executable"; includeInIndex = 0; path = smck; sourceTree = BUILT_PRODUCTS_DIR; };
		0A20FCE71E7376570070A48F /* main.swift */ = {isa = PBXFileReference; lastKnownFileType = sourcecode.swift; path = main.swift; sourceTree = "<group>"; };
		0A20FE1B1E7378490070A48F /* ParsingEntire.swift */ = {isa = PBXFileReference; fileEncoding = 4; lastKnownFileType = sourcecode.swift; path = ParsingEntire.swift; sourceTree = "<group>"; };
		0A20FE1C1E7378490070A48F /* ParsingBase.swift */ = {isa = PBXFileReference; fileEncoding = 4; lastKnownFileType = sourcecode.swift; path = ParsingBase.swift; sourceTree = "<group>"; };
		0A20FE1D1E7378490070A48F /* ParsingMethod.swift */ = {isa = PBXFileReference; fileEncoding = 4; lastKnownFileType = sourcecode.swift; path = ParsingMethod.swift; sourceTree = "<group>"; };
		0A20FE1E1E7378490070A48F /* ParsingMethodContent.swift */ = {isa = PBXFileReference; fileEncoding = 4; lastKnownFileType = sourcecode.swift; path = ParsingMethodContent.swift; sourceTree = "<group>"; };
		0A20FE1F1E7378490070A48F /* ParsingMacro.swift */ = {isa = PBXFileReference; fileEncoding = 4; lastKnownFileType = sourcecode.swift; path = ParsingMacro.swift; sourceTree = "<group>"; };
		0A20FE201E7378490070A48F /* ParsingImport.swift */ = {isa = PBXFileReference; fileEncoding = 4; lastKnownFileType = sourcecode.swift; path = ParsingImport.swift; sourceTree = "<group>"; };
		0A20FE211E7378490070A48F /* ParsingProperty.swift */ = {isa = PBXFileReference; fileEncoding = 4; lastKnownFileType = sourcecode.swift; path = ParsingProperty.swift; sourceTree = "<group>"; };
		0A20FE221E7378490070A48F /* ParsingInterface.swift */ = {isa = PBXFileReference; fileEncoding = 4; lastKnownFileType = sourcecode.swift; path = ParsingInterface.swift; sourceTree = "<group>"; };
		0A20FE231E7378490070A48F /* ParsingImplementation.swift */ = {isa = PBXFileReference; fileEncoding = 4; lastKnownFileType = sourcecode.swift; path = ParsingImplementation.swift; sourceTree = "<group>"; };
		0A20FE241E7378490070A48F /* ParsingProtocol.swift */ = {isa = PBXFileReference; fileEncoding = 4; lastKnownFileType = sourcecode.swift; path = ParsingProtocol.swift; sourceTree = "<group>"; };
		0A20FE251E7378490070A48F /* ParsingObject.swift */ = {isa = PBXFileReference; fileEncoding = 4; lastKnownFileType = sourcecode.swift; path = ParsingObject.swift; sourceTree = "<group>"; };
		0A20FE261E7378490070A48F /* ParsingFirstRoundOneFile.swift */ = {isa = PBXFileReference; fileEncoding = 4; lastKnownFileType = sourcecode.swift; path = ParsingFirstRoundOneFile.swift; sourceTree = "<group>"; };
		0A20FE271E7378490070A48F /* ParsingSecondRoundOneFile.swift */ = {isa = PBXFileReference; fileEncoding = 4; lastKnownFileType = sourcecode.swift; path = ParsingSecondRoundOneFile.swift; sourceTree = "<group>"; };
		0A20FE361E73786E0070A48F /* UnUseMethodPlugin.swift */ = {isa = PBXFileReference; fileEncoding = 4; lastKnownFileType = sourcecode.swift; path = UnUseMethodPlugin.swift; sourceTree = "<group>"; };
		0A20FE371E73786E0070A48F /* UnUseObjectPlugin.swift */ = {isa = PBXFileReference; fileEncoding = 4; lastKnownFileType = sourcecode.swift; path = UnUseObjectPlugin.swift; sourceTree = "<group>"; };
		0A20FE3B1E7379410070A48F /* Sb.swift */ = {isa = PBXFileReference; fileEncoding = 4; lastKnownFileType = sourcecode.swift; path = Sb.swift; sourceTree = "<group>"; };
		0A20FE3C1E7379410070A48F /* File.swift */ = {isa = PBXFileReference; fileEncoding = 4; lastKnownFileType = sourcecode.swift; path = File.swift; sourceTree = "<group>"; };
		0A20FE3D1E7379410070A48F /* SeekFolderFiles.swift */ = {isa = PBXFileReference; fileEncoding = 4; lastKnownFileType = sourcecode.swift; path = SeekFolderFiles.swift; sourceTree = "<group>"; };
		0A20FE421E73796B0070A48F /* Console.swift */ = {isa = PBXFileReference; fileEncoding = 4; lastKnownFileType = sourcecode.swift; path = Console.swift; sourceTree = "<group>"; };
		0A20FE431E73796B0070A48F /* Checker.swift */ = {isa = PBXFileReference; fileEncoding = 4; lastKnownFileType = sourcecode.swift; path = Checker.swift; sourceTree = "<group>"; };
		0A21E54C1EA0C54400C1F53D /* SMLangParser.swift */ = {isa = PBXFileReference; fileEncoding = 4; lastKnownFileType = sourcecode.swift; path = SMLangParser.swift; sourceTree = "<group>"; };
		0A22FE0D1E9D01C4003B56B9 /* SMLangLexer.swift */ = {isa = PBXFileReference; fileEncoding = 4; lastKnownFileType = sourcecode.swift; path = SMLangLexer.swift; sourceTree = "<group>"; };
		0A2A39CD1EB870BD006AACB6 /* JSSb.swift */ = {isa = PBXFileReference; fileEncoding = 4; lastKnownFileType = sourcecode.swift; path = JSSb.swift; sourceTree = "<group>"; };
		0A2A39CF1EB871EE006AACB6 /* JSLexer.swift */ = {isa = PBXFileReference; fileEncoding = 4; lastKnownFileType = sourcecode.swift; path = JSLexer.swift; sourceTree = "<group>"; };
		0A2A39D11EB871FB006AACB6 /* JSAST.swift */ = {isa = PBXFileReference; fileEncoding = 4; lastKnownFileType = sourcecode.swift; path = JSAST.swift; sourceTree = "<group>"; };
		0A2A39D31EB87209006AACB6 /* JSParser.swift */ = {isa = PBXFileReference; fileEncoding = 4; lastKnownFileType = sourcecode.swift; path = JSParser.swift; sourceTree = "<group>"; };
		0A34916E1F26067D000DEBAC /* H5ToNativePlugin.swift */ = {isa = PBXFileReference; fileEncoding = 4; lastKnownFileType = sourcecode.swift; path = H5ToNativePlugin.swift; sourceTree = "<group>"; };
/* End PBXFileReference section */

/* Begin PBXFrameworksBuildPhase section */
		0A20FCE11E7376570070A48F /* Frameworks */ = {
			isa = PBXFrameworksBuildPhase;
			buildActionMask = 2147483647;
			files = (
				D867E57C25763D2D0090C23C /* RxSwift in Frameworks */,
				D867E57A25763D2D0090C23C /* RxCocoa in Frameworks */,
			);
			runOnlyForDeploymentPostprocessing = 0;
		};
/* End PBXFrameworksBuildPhase section */

/* Begin PBXGroup section */
		0A1B7BC81EA4774500F284A6 /* H5 */ = {
			isa = PBXGroup;
			children = (
				0A1B7BC91EA4775700F284A6 /* H5Lexer.swift */,
				0A1B7BCB1EA4B24E00F284A6 /* H5AST.swift */,
				0A1B7BCD1EA4B2B700F284A6 /* H5Parser.swift */,
				0A1A24D41EA5EFA10051C13A /* H5Sb.swift */,
				0A1A24EF1EA65D620051C13A /* CSSSb.swift */,
				0A1AF86C1EA7087900F83176 /* CSSLexer.swift */,
				0A1AF86E1EA7088B00F83176 /* CSSAST.swift */,
				0A1AF8701EA708BD00F83176 /* CSSParser.swift */,
				0A2A39CD1EB870BD006AACB6 /* JSSb.swift */,
				0A2A39CF1EB871EE006AACB6 /* JSLexer.swift */,
				0A2A39D11EB871FB006AACB6 /* JSAST.swift */,
				0A2A39D31EB87209006AACB6 /* JSParser.swift */,
			);
			name = H5;
			sourceTree = "<group>";
		};
		0A1C1FCE1EAA3F0F00CD994A /* OC */ = {
			isa = PBXGroup;
			children = (
				0A20FE1B1E7378490070A48F /* ParsingEntire.swift */,
				0A20FE1C1E7378490070A48F /* ParsingBase.swift */,
				0A20FE1D1E7378490070A48F /* ParsingMethod.swift */,
				0A20FE1E1E7378490070A48F /* ParsingMethodContent.swift */,
				0A20FE1F1E7378490070A48F /* ParsingMacro.swift */,
				0A20FE201E7378490070A48F /* ParsingImport.swift */,
				0A20FE211E7378490070A48F /* ParsingProperty.swift */,
				0A20FE221E7378490070A48F /* ParsingInterface.swift */,
				0A20FE231E7378490070A48F /* ParsingImplementation.swift */,
				0A20FE241E7378490070A48F /* ParsingProtocol.swift */,
				0A20FE251E7378490070A48F /* ParsingObject.swift */,
				0A20FE261E7378490070A48F /* ParsingFirstRoundOneFile.swift */,
				0A20FE271E7378490070A48F /* ParsingSecondRoundOneFile.swift */,
			);
			name = OC;
			sourceTree = "<group>";
		};
		0A20FCDB1E7376570070A48F = {
			isa = PBXGroup;
			children = (
				0A20FCE61E7376570070A48F /* smck */,
				0A20FCE51E7376570070A48F /* Products */,
			);
			sourceTree = "<group>";
		};
		0A20FCE51E7376570070A48F /* Products */ = {
			isa = PBXGroup;
			children = (
				0A20FCE41E7376570070A48F /* smck */,
			);
			name = Products;
			sourceTree = "<group>";
		};
		0A20FCE61E7376570070A48F /* smck */ = {
			isa = PBXGroup;
			children = (
				0A20FE411E73794E0070A48F /* Console */,
				0A20FE3A1E7378840070A48F /* Global */,
				0A20FE351E7378510070A48F /* Plugin */,
				0A20FE1A1E7377890070A48F /* Parser */,
				0A20FCE71E7376570070A48F /* main.swift */,
			);
			path = smck;
			sourceTree = "<group>";
		};
		0A20FE1A1E7377890070A48F /* Parser */ = {
			isa = PBXGroup;
			children = (
				0A22FE0C1E9D014B003B56B9 /* analyze */,
			);
			path = Parser;
			sourceTree = "<group>";
		};
		0A20FE351E7378510070A48F /* Plugin */ = {
			isa = PBXGroup;
			children = (
				0A34916D1F26064E000DEBAC /* H5ToNativePlugin */,
				0A20FE361E73786E0070A48F /* UnUseMethodPlugin.swift */,
				0A20FE371E73786E0070A48F /* UnUseObjectPlugin.swift */,
				0A1A46301EA8C3F2008AA951 /* H5ToSwiftByFlexBoxPlugin.swift */,
			);
			path = Plugin;
			sourceTree = "<group>";
		};
		0A20FE3A1E7378840070A48F /* Global */ = {
			isa = PBXGroup;
			children = (
				0A20FE3B1E7379410070A48F /* Sb.swift */,
				0A20FE3C1E7379410070A48F /* File.swift */,
				0A20FE3D1E7379410070A48F /* SeekFolderFiles.swift */,
			);
			path = Global;
			sourceTree = "<group>";
		};
		0A20FE411E73794E0070A48F /* Console */ = {
			isa = PBXGroup;
			children = (
				0A20FE421E73796B0070A48F /* Console.swift */,
				0A20FE431E73796B0070A48F /* Checker.swift */,
			);
			path = Console;
			sourceTree = "<group>";
		};
		0A22FE0C1E9D014B003B56B9 /* analyze */ = {
			isa = PBXGroup;
			children = (
				0ADD8F231F28B612000355D5 /* Objc */,
				0A1C1FCE1EAA3F0F00CD994A /* OC */,
				0A1B7BC81EA4774500F284A6 /* H5 */,
				0A5A45DE1EA1FDC600229CE9 /* SMLang */,
				0A1C4D0B1EA25DE800C40427 /* analyzeExtension.swift */,
			);
			name = analyze;
			sourceTree = "<group>";
		};
		0A34916D1F26064E000DEBAC /* H5ToNativePlugin */ = {
			isa = PBXGroup;
			children = (
				0A34916E1F26067D000DEBAC /* H5ToNativePlugin.swift */,
			);
			name = H5ToNativePlugin;
			sourceTree = "<group>";
		};
		0A5A45DE1EA1FDC600229CE9 /* SMLang */ = {
			isa = PBXGroup;
			children = (
				0A22FE0D1E9D01C4003B56B9 /* SMLangLexer.swift */,
				0A1BDE571E9FB4D2009A939E /* SMLangAST.swift */,
				0A21E54C1EA0C54400C1F53D /* SMLangParser.swift */,
			);
			name = SMLang;
			sourceTree = "<group>";
		};
		0ADD8F231F28B612000355D5 /* Objc */ = {
			isa = PBXGroup;
			children = (
			);
			name = Objc;
			sourceTree = "<group>";
		};
/* End PBXGroup section */

/* Begin PBXNativeTarget section */
		0A20FCE31E7376570070A48F /* smck */ = {
			isa = PBXNativeTarget;
			buildConfigurationList = 0A20FCEB1E7376570070A48F /* Build configuration list for PBXNativeTarget "smck" */;
			buildPhases = (
				0A20FCE01E7376570070A48F /* Sources */,
				0A20FCE11E7376570070A48F /* Frameworks */,
				0A20FCE21E7376570070A48F /* CopyFiles */,
			);
			buildRules = (
			);
			dependencies = (
			);
			name = smck;
			packageProductDependencies = (
				D867E57925763D2D0090C23C /* RxCocoa */,
				D867E57B25763D2D0090C23C /* RxSwift */,
			);
			productName = smck;
			productReference = 0A20FCE41E7376570070A48F /* smck */;
			productType = "com.apple.product-type.tool";
		};
/* End PBXNativeTarget section */

/* Begin PBXProject section */
		0A20FCDC1E7376570070A48F /* Project object */ = {
			isa = PBXProject;
			attributes = {
				LastSwiftUpdateCheck = 0820;
				LastUpgradeCheck = 1220;
				ORGANIZATIONNAME = Starming;
				TargetAttributes = {
					0A20FCE31E7376570070A48F = {
						CreatedOnToolsVersion = 8.2.1;
						LastSwiftMigration = 0820;
						ProvisioningStyle = Automatic;
					};
				};
			};
			buildConfigurationList = 0A20FCDF1E7376570070A48F /* Build configuration list for PBXProject "smck" */;
			compatibilityVersion = "Xcode 3.2";
			developmentRegion = en;
			hasScannedForEncodings = 0;
			knownRegions = (
				en,
				Base,
			);
			mainGroup = 0A20FCDB1E7376570070A48F;
			packageReferences = (
				D867E57825763D2D0090C23C /* XCRemoteSwiftPackageReference "RxSwift" */,
			);
			productRefGroup = 0A20FCE51E7376570070A48F /* Products */;
			projectDirPath = "";
			projectRoot = "";
			targets = (
				0A20FCE31E7376570070A48F /* smck */,
			);
		};
/* End PBXProject section */

/* Begin PBXSourcesBuildPhase section */
		0A20FCE01E7376570070A48F /* Sources */ = {
			isa = PBXSourcesBuildPhase;
			buildActionMask = 2147483647;
			files = (
				0A1AF8711EA708BD00F83176 /* CSSParser.swift in Sources */,
				0A20FE331E7378490070A48F /* ParsingFirstRoundOneFile.swift in Sources */,
				0A2A39D41EB87209006AACB6 /* JSParser.swift in Sources */,
				0A1B7BCA1EA4775700F284A6 /* H5Lexer.swift in Sources */,
				0A20FE3E1E7379410070A48F /* Sb.swift in Sources */,
				0A20FE2A1E7378490070A48F /* ParsingMethod.swift in Sources */,
				0A20FE2D1E7378490070A48F /* ParsingImport.swift in Sources */,
				0A20FE291E7378490070A48F /* ParsingBase.swift in Sources */,
				0A20FE2C1E7378490070A48F /* ParsingMacro.swift in Sources */,
				0A1A46311EA8C3F2008AA951 /* H5ToSwiftByFlexBoxPlugin.swift in Sources */,
				0A20FE2E1E7378490070A48F /* ParsingProperty.swift in Sources */,
				0A22FE0E1E9D01C4003B56B9 /* SMLangLexer.swift in Sources */,
				0A20FE311E7378490070A48F /* ParsingProtocol.swift in Sources */,
				0A20FE391E73786E0070A48F /* UnUseObjectPlugin.swift in Sources */,
				0A34916F1F26067D000DEBAC /* H5ToNativePlugin.swift in Sources */,
				0A1BDE581E9FB4D2009A939E /* SMLangAST.swift in Sources */,
				0A1A24F01EA65D620051C13A /* CSSSb.swift in Sources */,
				0A20FCE81E7376570070A48F /* main.swift in Sources */,
				0A20FE301E7378490070A48F /* ParsingImplementation.swift in Sources */,
				0A20FE341E7378490070A48F /* ParsingSecondRoundOneFile.swift in Sources */,
				0A2A39CE1EB870BD006AACB6 /* JSSb.swift in Sources */,
				0A1B7BCE1EA4B2B700F284A6 /* H5Parser.swift in Sources */,
				0A20FE441E73796B0070A48F /* Console.swift in Sources */,
				0A20FE2B1E7378490070A48F /* ParsingMethodContent.swift in Sources */,
				0A2A39D21EB871FB006AACB6 /* JSAST.swift in Sources */,
				0A20FE401E7379410070A48F /* SeekFolderFiles.swift in Sources */,
				0A1AF86D1EA7087900F83176 /* CSSLexer.swift in Sources */,
				0A20FE2F1E7378490070A48F /* ParsingInterface.swift in Sources */,
				0A1B7BCC1EA4B24E00F284A6 /* H5AST.swift in Sources */,
				0A1C4D0C1EA25DE800C40427 /* analyzeExtension.swift in Sources */,
				0A20FE321E7378490070A48F /* ParsingObject.swift in Sources */,
				0A20FE381E73786E0070A48F /* UnUseMethodPlugin.swift in Sources */,
				0A20FE281E7378490070A48F /* ParsingEntire.swift in Sources */,
				0A1AF86F1EA7088B00F83176 /* CSSAST.swift in Sources */,
				0A2A39D01EB871EE006AACB6 /* JSLexer.swift in Sources */,
				0A1A24D51EA5EFA10051C13A /* H5Sb.swift in Sources */,
				0A20FE3F1E7379410070A48F /* File.swift in Sources */,
				0A20FE451E73796B0070A48F /* Checker.swift in Sources */,
				0A21E54D1EA0C54400C1F53D /* SMLangParser.swift in Sources */,
			);
			runOnlyForDeploymentPostprocessing = 0;
		};
/* End PBXSourcesBuildPhase section */

/* Begin XCBuildConfiguration section */
		0A20FCE91E7376570070A48F /* Debug */ = {
			isa = XCBuildConfiguration;
			buildSettings = {
				ALWAYS_SEARCH_USER_PATHS = NO;
				CLANG_ANALYZER_LOCALIZABILITY_NONLOCALIZED = YES;
				CLANG_ANALYZER_NONNULL = YES;
				CLANG_CXX_LANGUAGE_STANDARD = "gnu++0x";
				CLANG_CXX_LIBRARY = "libc++";
				CLANG_ENABLE_MODULES = YES;
				CLANG_ENABLE_OBJC_ARC = YES;
				CLANG_WARN_BLOCK_CAPTURE_AUTORELEASING = YES;
				CLANG_WARN_BOOL_CONVERSION = YES;
				CLANG_WARN_COMMA = YES;
				CLANG_WARN_CONSTANT_CONVERSION = YES;
				CLANG_WARN_DEPRECATED_OBJC_IMPLEMENTATIONS = YES;
				CLANG_WARN_DIRECT_OBJC_ISA_USAGE = YES_ERROR;
				CLANG_WARN_DOCUMENTATION_COMMENTS = YES;
				CLANG_WARN_EMPTY_BODY = YES;
				CLANG_WARN_ENUM_CONVERSION = YES;
				CLANG_WARN_INFINITE_RECURSION = YES;
				CLANG_WARN_INT_CONVERSION = YES;
				CLANG_WARN_NON_LITERAL_NULL_CONVERSION = YES;
				CLANG_WARN_OBJC_IMPLICIT_RETAIN_SELF = YES;
				CLANG_WARN_OBJC_LITERAL_CONVERSION = YES;
				CLANG_WARN_OBJC_ROOT_CLASS = YES_ERROR;
				CLANG_WARN_QUOTED_INCLUDE_IN_FRAMEWORK_HEADER = YES;
				CLANG_WARN_RANGE_LOOP_ANALYSIS = YES;
				CLANG_WARN_STRICT_PROTOTYPES = YES;
				CLANG_WARN_SUSPICIOUS_MOVE = YES;
				CLANG_WARN_UNREACHABLE_CODE = YES;
				CLANG_WARN__DUPLICATE_METHOD_MATCH = YES;
				CODE_SIGN_IDENTITY = "-";
				COPY_PHASE_STRIP = NO;
				DEBUG_INFORMATION_FORMAT = dwarf;
				ENABLE_STRICT_OBJC_MSGSEND = YES;
				ENABLE_TESTABILITY = YES;
				GCC_C_LANGUAGE_STANDARD = gnu99;
				GCC_DYNAMIC_NO_PIC = NO;
				GCC_NO_COMMON_BLOCKS = YES;
				GCC_OPTIMIZATION_LEVEL = 0;
				GCC_PREPROCESSOR_DEFINITIONS = (
					"DEBUG=1",
					"$(inherited)",
				);
				GCC_WARN_64_TO_32_BIT_CONVERSION = YES;
				GCC_WARN_ABOUT_RETURN_TYPE = YES_ERROR;
				GCC_WARN_UNDECLARED_SELECTOR = YES;
				GCC_WARN_UNINITIALIZED_AUTOS = YES_AGGRESSIVE;
				GCC_WARN_UNUSED_FUNCTION = YES;
				GCC_WARN_UNUSED_VARIABLE = YES;
				MACOSX_DEPLOYMENT_TARGET = 10.12;
				MTL_ENABLE_DEBUG_INFO = YES;
				ONLY_ACTIVE_ARCH = YES;
				SDKROOT = macosx;
				SWIFT_OPTIMIZATION_LEVEL = "-Onone";
			};
			name = Debug;
		};
		0A20FCEA1E7376570070A48F /* Release */ = {
			isa = XCBuildConfiguration;
			buildSettings = {
				ALWAYS_SEARCH_USER_PATHS = NO;
				CLANG_ANALYZER_LOCALIZABILITY_NONLOCALIZED = YES;
				CLANG_ANALYZER_NONNULL = YES;
				CLANG_CXX_LANGUAGE_STANDARD = "gnu++0x";
				CLANG_CXX_LIBRARY = "libc++";
				CLANG_ENABLE_MODULES = YES;
				CLANG_ENABLE_OBJC_ARC = YES;
				CLANG_WARN_BLOCK_CAPTURE_AUTORELEASING = YES;
				CLANG_WARN_BOOL_CONVERSION = YES;
				CLANG_WARN_COMMA = YES;
				CLANG_WARN_CONSTANT_CONVERSION = YES;
				CLANG_WARN_DEPRECATED_OBJC_IMPLEMENTATIONS = YES;
				CLANG_WARN_DIRECT_OBJC_ISA_USAGE = YES_ERROR;
				CLANG_WARN_DOCUMENTATION_COMMENTS = YES;
				CLANG_WARN_EMPTY_BODY = YES;
				CLANG_WARN_ENUM_CONVERSION = YES;
				CLANG_WARN_INFINITE_RECURSION = YES;
				CLANG_WARN_INT_CONVERSION = YES;
				CLANG_WARN_NON_LITERAL_NULL_CONVERSION = YES;
				CLANG_WARN_OBJC_IMPLICIT_RETAIN_SELF = YES;
				CLANG_WARN_OBJC_LITERAL_CONVERSION = YES;
				CLANG_WARN_OBJC_ROOT_CLASS = YES_ERROR;
				CLANG_WARN_QUOTED_INCLUDE_IN_FRAMEWORK_HEADER = YES;
				CLANG_WARN_RANGE_LOOP_ANALYSIS = YES;
				CLANG_WARN_STRICT_PROTOTYPES = YES;
				CLANG_WARN_SUSPICIOUS_MOVE = YES;
				CLANG_WARN_UNREACHABLE_CODE = YES;
				CLANG_WARN__DUPLICATE_METHOD_MATCH = YES;
				CODE_SIGN_IDENTITY = "-";
				COPY_PHASE_STRIP = NO;
				DEBUG_INFORMATION_FORMAT = "dwarf-with-dsym";
				ENABLE_NS_ASSERTIONS = NO;
				ENABLE_STRICT_OBJC_MSGSEND = YES;
				GCC_C_LANGUAGE_STANDARD = gnu99;
				GCC_NO_COMMON_BLOCKS = YES;
				GCC_WARN_64_TO_32_BIT_CONVERSION = YES;
				GCC_WARN_ABOUT_RETURN_TYPE = YES_ERROR;
				GCC_WARN_UNDECLARED_SELECTOR = YES;
				GCC_WARN_UNINITIALIZED_AUTOS = YES_AGGRESSIVE;
				GCC_WARN_UNUSED_FUNCTION = YES;
				GCC_WARN_UNUSED_VARIABLE = YES;
				MACOSX_DEPLOYMENT_TARGET = 10.12;
				MTL_ENABLE_DEBUG_INFO = NO;
				SDKROOT = macosx;
				SWIFT_COMPILATION_MODE = wholemodule;
			};
			name = Release;
		};
		0A20FCEC1E7376570070A48F /* Debug */ = {
			isa = XCBuildConfiguration;
			buildSettings = {
				CLANG_ENABLE_MODULES = YES;
				CODE_SIGN_IDENTITY = "-";
				GCC_PREFIX_HEADER = "$(SRCROOT)/smck/PrefixHeader.pch";
				LD_RUNPATH_SEARCH_PATHS = (
					"$(inherited)",
					"@executable_path/../Frameworks",
					"@loader_path/../Frameworks",
				);
				PRODUCT_NAME = "$(TARGET_NAME)";
				SWIFT_OBJC_BRIDGING_HEADER = "";
				SWIFT_OPTIMIZATION_LEVEL = "-Onone";
				SWIFT_VERSION = 5.0;
			};
			name = Debug;
		};
		0A20FCED1E7376570070A48F /* Release */ = {
			isa = XCBuildConfiguration;
			buildSettings = {
				CLANG_ENABLE_MODULES = YES;
				CODE_SIGN_IDENTITY = "-";
				GCC_PREFIX_HEADER = "$(SRCROOT)/smck/PrefixHeader.pch";
				LD_RUNPATH_SEARCH_PATHS = (
					"$(inherited)",
					"@executable_path/../Frameworks",
					"@loader_path/../Frameworks",
				);
				PRODUCT_NAME = "$(TARGET_NAME)";
				SWIFT_OBJC_BRIDGING_HEADER = "";
				SWIFT_VERSION = 5.0;
			};
			name = Release;
		};
/* End XCBuildConfiguration section */

/* Begin XCConfigurationList section */
		0A20FCDF1E7376570070A48F /* Build configuration list for PBXProject "smck" */ = {
			isa = XCConfigurationList;
			buildConfigurations = (
				0A20FCE91E7376570070A48F /* Debug */,
				0A20FCEA1E7376570070A48F /* Release */,
			);
			defaultConfigurationIsVisible = 0;
			defaultConfigurationName = Release;
		};
		0A20FCEB1E7376570070A48F /* Build configuration list for PBXNativeTarget "smck" */ = {
			isa = XCConfigurationList;
			buildConfigurations = (
				0A20FCEC1E7376570070A48F /* Debug */,
				0A20FCED1E7376570070A48F /* Release */,
			);
			defaultConfigurationIsVisible = 0;
			defaultConfigurationName = Release;
		};
/* End XCConfigurationList section */

/* Begin XCRemoteSwiftPackageReference section */
		D867E57825763D2D0090C23C /* XCRemoteSwiftPackageReference "RxSwift" */ = {
			isa = XCRemoteSwiftPackageReference;
			repositoryURL = "https://gitee.com/DarrenWang_admin/RxSwift.git";
			requirement = {
				kind = upToNextMajorVersion;
				minimumVersion = 5.1.1;
			};
		};
/* End XCRemoteSwiftPackageReference section */

/* Begin XCSwiftPackageProductDependency section */
		D867E57925763D2D0090C23C /* RxCocoa */ = {
			isa = XCSwiftPackageProductDependency;
			package = D867E57825763D2D0090C23C /* XCRemoteSwiftPackageReference "RxSwift" */;
			productName = RxCocoa;
		};
		D867E57B25763D2D0090C23C /* RxSwift */ = {
			isa = XCSwiftPackageProductDependency;
			package = D867E57825763D2D0090C23C /* XCRemoteSwiftPackageReference "RxSwift" */;
			productName = RxSwift;
		};
/* End XCSwiftPackageProductDependency section */
	};
	rootObject = 0A20FCDC1E7376570070A48F /* Project object */;
}
